
Microsoft Visual Studio Solution File, Format Version 12.00
# Visual Studio Version 17
VisualStudioVersion = 17.5.002.0
MinimumVisualStudioVersion = 10.0.40219.1
Project("{9A19103F-16F7-4668-BE54-9A1E7A4F7556}") = "Task1", "Task1\Task1.csproj", "{76CC9940-B739-4B58-84C4-43C9EE4F4F2B}"
EndProject
Project("{9A19103F-16F7-4668-BE54-9A1E7A4F7556}") = "Task2", "Task2\Task2.csproj", "{18F3BA14-0EAD-4619-9603-05556A337A56}"
EndProject
Project("{9A19103F-16F7-4668-BE54-9A1E7A4F7556}") = "Task3", "Task3\Task3.csproj", "{A734AF2D-F793-40D1-AE57-85BDF48E9BED}"
EndProject
Global
	GlobalSection(SolutionConfigurationPlatforms) = preSolution
		Debug|Any CPU = Debug|Any CPU
		Release|Any CPU = Release|Any CPU
	EndGlobalSection
	GlobalSection(ProjectConfigurationPlatforms) = postSolution
		{76CC9940-B739-4B58-84C4-43C9EE4F4F2B}.Debug|Any CPU.ActiveCfg = Debug|Any CPU
		{76CC9940-B739-4B58-84C4-43C9EE4F4F2B}.Debug|Any CPU.Build.0 = Debug|Any CPU
		{76CC9940-B739-4B58-84C4-43C9EE4F4F2B}.Release|Any CPU.ActiveCfg = Release|Any CPU
		{76CC9940-B739-4B58-84C4-43C9EE4F4F2B}.Release|Any CPU.Build.0 = Release|Any CPU
		{18F3BA14-0EAD-4619-9603-05556A337A56}.Debug|Any CPU.ActiveCfg = Debug|Any CPU
		{18F3BA14-0EAD-4619-9603-05556A337A56}.Debug|Any CPU.Build.0 = Debug|Any CPU
		{18F3BA14-0EAD-4619-9603-05556A337A56}.Release|Any CPU.ActiveCfg = Release|Any CPU
		{18F3BA14-0EAD-4619-9603-05556A337A56}.Release|Any CPU.Build.0 = Release|Any CPU
		{A734AF2D-F793-40D1-AE57-85BDF48E9BED}.Debug|Any CPU.ActiveCfg = Debug|Any CPU
		{A734AF2D-F793-40D1-AE57-85BDF48E9BED}.Debug|Any CPU.Build.0 = Debug|Any CPU
		{A734AF2D-F793-40D1-AE57-85BDF48E9BED}.Release|Any CPU.ActiveCfg = Release|Any CPU
		{A734AF2D-F793-40D1-AE57-85BDF48E9BED}.Release|Any CPU.Build.0 = Release|Any CPU
	EndGlobalSection
	GlobalSection(SolutionProperties) = preSolution
		HideSolutionNode = FALSE
	EndGlobalSection
	GlobalSection(ExtensibilityGlobals) = postSolution
		SolutionGuid = {5D526377-229D-485C-8A91-9A04CA1C58F7}
	EndGlobalSection
EndGlobal
